
Microsoft Visual Studio Solution File, Format Version 12.00
# Visual Studio Version 17
VisualStudioVersion = 17.8.34309.116
MinimumVisualStudioVersion = 10.0.40219.1
Project("{FAE04EC0-301F-11D3-BF4B-00C04F79EFBC}") = "Componentes", "Componentes\Componentes.csproj", "{6282D630-C654-48DF-A15D-1D9BE63787BB}"
EndProject
Global
	GlobalSection(SolutionConfigurationPlatforms) = preSolution
		Debug|Any CPU = Debug|Any CPU
		Release|Any CPU = Release|Any CPU
	EndGlobalSection
	GlobalSection(ProjectConfigurationPlatforms) = postSolution
		{6282D630-C654-48DF-A15D-1D9BE63787BB}.Debug|Any CPU.ActiveCfg = Debug|Any CPU
		{6282D630-C654-48DF-A15D-1D9BE63787BB}.Debug|Any CPU.Build.0 = Debug|Any CPU
		{6282D630-C654-48DF-A15D-1D9BE63787BB}.Release|Any CPU.ActiveCfg = Release|Any CPU
		{6282D630-C654-48DF-A15D-1D9BE63787BB}.Release|Any CPU.Build.0 = Release|Any CPU
	EndGlobalSection
	GlobalSection(SolutionProperties) = preSolution
		HideSolutionNode = FALSE
	EndGlobalSection
	GlobalSection(ExtensibilityGlobals) = postSolution
		SolutionGuid = {B67E4663-8AAC-4DF7-8703-55EE7634934F}
	EndGlobalSection
EndGlobal
