
Microsoft Visual Studio Solution File, Format Version 12.00
# Visual Studio Version 17
VisualStudioVersion = 17.8.34309.116
MinimumVisualStudioVersion = 10.0.40219.1
Project("{FAE04EC0-301F-11D3-BF4B-00C04F79EFBC}") = "HamSergio", "HamSergio\HamSergio.csproj", "{EFD04C56-144D-4B37-ADEB-B0BF1F13B614}"
EndProject
Global
	GlobalSection(SolutionConfigurationPlatforms) = preSolution
		Debug|Any CPU = Debug|Any CPU
		Release|Any CPU = Release|Any CPU
	EndGlobalSection
	GlobalSection(ProjectConfigurationPlatforms) = postSolution
		{EFD04C56-144D-4B37-ADEB-B0BF1F13B614}.Debug|Any CPU.ActiveCfg = Debug|Any CPU
		{EFD04C56-144D-4B37-ADEB-B0BF1F13B614}.Debug|Any CPU.Build.0 = Debug|Any CPU
		{EFD04C56-144D-4B37-ADEB-B0BF1F13B614}.Release|Any CPU.ActiveCfg = Release|Any CPU
		{EFD04C56-144D-4B37-ADEB-B0BF1F13B614}.Release|Any CPU.Build.0 = Release|Any CPU
	EndGlobalSection
	GlobalSection(SolutionProperties) = preSolution
		HideSolutionNode = FALSE
	EndGlobalSection
	GlobalSection(ExtensibilityGlobals) = postSolution
		SolutionGuid = {2F37025D-5985-49D4-98C6-F516E7F91264}
	EndGlobalSection
EndGlobal
