
Microsoft Visual Studio Solution File, Format Version 12.00
# Visual Studio Version 17
VisualStudioVersion = 17.8.34309.116
MinimumVisualStudioVersion = 10.0.40219.1
Project("{FAE04EC0-301F-11D3-BF4B-00C04F79EFBC}") = "Components", "Components\Components.csproj", "{E041202F-F1F2-4A6F-ABB7-5F8E71EF955E}"
EndProject
Global
	GlobalSection(SolutionConfigurationPlatforms) = preSolution
		Debug|Any CPU = Debug|Any CPU
		Release|Any CPU = Release|Any CPU
	EndGlobalSection
	GlobalSection(ProjectConfigurationPlatforms) = postSolution
		{E041202F-F1F2-4A6F-ABB7-5F8E71EF955E}.Debug|Any CPU.ActiveCfg = Debug|Any CPU
		{E041202F-F1F2-4A6F-ABB7-5F8E71EF955E}.Debug|Any CPU.Build.0 = Debug|Any CPU
		{E041202F-F1F2-4A6F-ABB7-5F8E71EF955E}.Release|Any CPU.ActiveCfg = Release|Any CPU
		{E041202F-F1F2-4A6F-ABB7-5F8E71EF955E}.Release|Any CPU.Build.0 = Release|Any CPU
	EndGlobalSection
	GlobalSection(SolutionProperties) = preSolution
		HideSolutionNode = FALSE
	EndGlobalSection
	GlobalSection(ExtensibilityGlobals) = postSolution
		SolutionGuid = {FBA37C3F-8BFB-4B46-8333-CAB8CBD340C6}
	EndGlobalSection
EndGlobal
