
Microsoft Visual Studio Solution File, Format Version 12.00
# Visual Studio Version 17
VisualStudioVersion = 17.8.34309.116
MinimumVisualStudioVersion = 10.0.40219.1
Project("{9A19103F-16F7-4668-BE54-9A1E7A4F7556}") = "Informe", "Informe\Informe.csproj", "{F10FE944-1FA3-44D2-9F83-CC2764301AA4}"
EndProject
Project("{FAE04EC0-301F-11D3-BF4B-00C04F79EFBC}") = "ClassLibrary1", "ClassLibrary1\ClassLibrary1.csproj", "{FDCFD776-56C0-4DE0-AAAE-55EBFB961DC0}"
EndProject
Global
	GlobalSection(SolutionConfigurationPlatforms) = preSolution
		Debug|Any CPU = Debug|Any CPU
		Release|Any CPU = Release|Any CPU
	EndGlobalSection
	GlobalSection(ProjectConfigurationPlatforms) = postSolution
		{F10FE944-1FA3-44D2-9F83-CC2764301AA4}.Debug|Any CPU.ActiveCfg = Debug|Any CPU
		{F10FE944-1FA3-44D2-9F83-CC2764301AA4}.Debug|Any CPU.Build.0 = Debug|Any CPU
		{F10FE944-1FA3-44D2-9F83-CC2764301AA4}.Release|Any CPU.ActiveCfg = Release|Any CPU
		{F10FE944-1FA3-44D2-9F83-CC2764301AA4}.Release|Any CPU.Build.0 = Release|Any CPU
		{FDCFD776-56C0-4DE0-AAAE-55EBFB961DC0}.Debug|Any CPU.ActiveCfg = Debug|Any CPU
		{FDCFD776-56C0-4DE0-AAAE-55EBFB961DC0}.Debug|Any CPU.Build.0 = Debug|Any CPU
		{FDCFD776-56C0-4DE0-AAAE-55EBFB961DC0}.Release|Any CPU.ActiveCfg = Release|Any CPU
		{FDCFD776-56C0-4DE0-AAAE-55EBFB961DC0}.Release|Any CPU.Build.0 = Release|Any CPU
	EndGlobalSection
	GlobalSection(SolutionProperties) = preSolution
		HideSolutionNode = FALSE
	EndGlobalSection
	GlobalSection(ExtensibilityGlobals) = postSolution
		SolutionGuid = {2FB8DDA7-5C40-4ACA-8B18-4209F1AB035C}
	EndGlobalSection
EndGlobal
